// !$*UTF8*$!
{
	archiveVersion = 1;
	classes = {
	};
	objectVersion = 46;
	objects = {

/* Begin PBXBuildFile section */
		140FB55F1A691053008C03E1 /* main.m in Sources */ = {isa = PBXBuildFile; fileRef = 140FB55E1A691053008C03E1 /* main.m */; };
		140FB5621A691053008C03E1 /* AppDelegate.m in Sources */ = {isa = PBXBuildFile; fileRef = 140FB5611A691053008C03E1 /* AppDelegate.m */; };
		140FB5641A691053008C03E1 /* Images.xcassets in Resources */ = {isa = PBXBuildFile; fileRef = 140FB5631A691053008C03E1 /* Images.xcassets */; };
		140FB5671A691053008C03E1 /* LaunchScreen.xib in Resources */ = {isa = PBXBuildFile; fileRef = 140FB5651A691053008C03E1 /* LaunchScreen.xib */; };
		140FB5731A691053008C03E1 /* English_VocabularyTests.m in Sources */ = {isa = PBXBuildFile; fileRef = 140FB5721A691053008C03E1 /* English_VocabularyTests.m */; };
		140FB57E1A691091008C03E1 /* BDBWordsModel.m in Sources */ = {isa = PBXBuildFile; fileRef = 140FB57D1A691091008C03E1 /* BDBWordsModel.m */; };
		140FB5821A6910BE008C03E1 /* BDBWordsTableViewController.m in Sources */ = {isa = PBXBuildFile; fileRef = 140FB5811A6910BE008C03E1 /* BDBWordsTableViewController.m */; };
		140FB5861A691108008C03E1 /* Vocabwords.txt in Resources */ = {isa = PBXBuildFile; fileRef = 140FB5851A691108008C03E1 /* Vocabwords.txt */; };
		140FB5881A691D48008C03E1 /* Entitlements.plist in Resources */ = {isa = PBXBuildFile; fileRef = 140FB5871A691D48008C03E1 /* Entitlements.plist */; };
		140FB58C1A6921AE008C03E1 /* BDBDefinitionViewController.m in Sources */ = {isa = PBXBuildFile; fileRef = 140FB58A1A6921AE008C03E1 /* BDBDefinitionViewController.m */; };
		140FB58D1A6921AE008C03E1 /* BDBDefinitionViewController.xib in Resources */ = {isa = PBXBuildFile; fileRef = 140FB58B1A6921AE008C03E1 /* BDBDefinitionViewController.xib */; };
/* End PBXBuildFile section */

/* Begin PBXContainerItemProxy section */
		140FB56D1A691053008C03E1 /* PBXContainerItemProxy */ = {
			isa = PBXContainerItemProxy;
			containerPortal = 140FB5511A691052008C03E1 /* Project object */;
			proxyType = 1;
			remoteGlobalIDString = 140FB5581A691052008C03E1;
			remoteInfo = "English Vocabulary";
		};
/* End PBXContainerItemProxy section */

/* Begin PBXFileReference section */
		140FB5591A691053008C03E1 /* English Vocabulary.app */ = {isa = PBXFileReference; explicitFileType = wrapper.application; includeInIndex = 0; path = "English Vocabulary.app"; sourceTree = BUILT_PRODUCTS_DIR; };
		140FB55D1A691053008C03E1 /* Info.plist */ = {isa = PBXFileReference; lastKnownFileType = text.plist.xml; path = Info.plist; sourceTree = "<group>"; };
		140FB55E1A691053008C03E1 /* main.m */ = {isa = PBXFileReference; lastKnownFileType = sourcecode.c.objc; path = main.m; sourceTree = "<group>"; };
		140FB5601A691053008C03E1 /* AppDelegate.h */ = {isa = PBXFileReference; lastKnownFileType = sourcecode.c.h; path = AppDelegate.h; sourceTree = "<group>"; };
		140FB5611A691053008C03E1 /* AppDelegate.m */ = {isa = PBXFileReference; lastKnownFileType = sourcecode.c.objc; path = AppDelegate.m; sourceTree = "<group>"; };
		140FB5631A691053008C03E1 /* Images.xcassets */ = {isa = PBXFileReference; lastKnownFileType = folder.assetcatalog; path = Images.xcassets; sourceTree = "<group>"; };
		140FB5661A691053008C03E1 /* Base */ = {isa = PBXFileReference; lastKnownFileType = file.xib; name = Base; path = Base.lproj/LaunchScreen.xib; sourceTree = "<group>"; };
		140FB56C1A691053008C03E1 /* English VocabularyTests.xctest */ = {isa = PBXFileReference; explicitFileType = wrapper.cfbundle; includeInIndex = 0; path = "English VocabularyTests.xctest"; sourceTree = BUILT_PRODUCTS_DIR; };
		140FB5711A691053008C03E1 /* Info.plist */ = {isa = PBXFileReference; lastKnownFileType = text.plist.xml; path = Info.plist; sourceTree = "<group>"; };
		140FB5721A691053008C03E1 /* English_VocabularyTests.m */ = {isa = PBXFileReference; lastKnownFileType = sourcecode.c.objc; path = English_VocabularyTests.m; sourceTree = "<group>"; };
		140FB57C1A691091008C03E1 /* BDBWordsModel.h */ = {isa = PBXFileReference; fileEncoding = 4; lastKnownFileType = sourcecode.c.h; path = BDBWordsModel.h; sourceTree = "<group>"; };
		140FB57D1A691091008C03E1 /* BDBWordsModel.m */ = {isa = PBXFileReference; fileEncoding = 4; lastKnownFileType = sourcecode.c.objc; path = BDBWordsModel.m; sourceTree = "<group>"; };
		140FB5801A6910BE008C03E1 /* BDBWordsTableViewController.h */ = {isa = PBXFileReference; fileEncoding = 4; lastKnownFileType = sourcecode.c.h; path = BDBWordsTableViewController.h; sourceTree = "<group>"; };
		140FB5811A6910BE008C03E1 /* BDBWordsTableViewController.m */ = {isa = PBXFileReference; fileEncoding = 4; lastKnownFileType = sourcecode.c.objc; path = BDBWordsTableViewController.m; sourceTree = "<group>"; };
		140FB5851A691108008C03E1 /* Vocabwords.txt */ = {isa = PBXFileReference; fileEncoding = 4; lastKnownFileType = text; path = Vocabwords.txt; sourceTree = "<group>"; };
		140FB5871A691D48008C03E1 /* Entitlements.plist */ = {isa = PBXFileReference; fileEncoding = 4; lastKnownFileType = text.plist.xml; path = Entitlements.plist; sourceTree = "<group>"; };
		140FB5891A6921AE008C03E1 /* BDBDefinitionViewController.h */ = {isa = PBXFileReference; fileEncoding = 4; lastKnownFileType = sourcecode.c.h; path = BDBDefinitionViewController.h; sourceTree = "<group>"; };
		140FB58A1A6921AE008C03E1 /* BDBDefinitionViewController.m */ = {isa = PBXFileReference; fileEncoding = 4; lastKnownFileType = sourcecode.c.objc; path = BDBDefinitionViewController.m; sourceTree = "<group>"; };
		140FB58B1A6921AE008C03E1 /* BDBDefinitionViewController.xib */ = {isa = PBXFileReference; fileEncoding = 4; lastKnownFileType = file.xib; path = BDBDefinitionViewController.xib; sourceTree = "<group>"; };
/* End PBXFileReference section */

/* Begin PBXFrameworksBuildPhase section */
		140FB5561A691052008C03E1 /* Frameworks */ = {
			isa = PBXFrameworksBuildPhase;
			buildActionMask = 2147483647;
			files = (
			);
			runOnlyForDeploymentPostprocessing = 0;
		};
		140FB5691A691053008C03E1 /* Frameworks */ = {
			isa = PBXFrameworksBuildPhase;
			buildActionMask = 2147483647;
			files = (
			);
			runOnlyForDeploymentPostprocessing = 0;
		};
/* End PBXFrameworksBuildPhase section */

/* Begin PBXGroup section */
		140FB5501A691052008C03E1 = {
			isa = PBXGroup;
			children = (
				140FB5871A691D48008C03E1 /* Entitlements.plist */,
				140FB55B1A691053008C03E1 /* English Vocabulary */,
				140FB56F1A691053008C03E1 /* English VocabularyTests */,
				140FB55A1A691053008C03E1 /* Products */,
			);
			sourceTree = "<group>";
		};
		140FB55A1A691053008C03E1 /* Products */ = {
			isa = PBXGroup;
			children = (
				140FB5591A691053008C03E1 /* English Vocabulary.app */,
				140FB56C1A691053008C03E1 /* English VocabularyTests.xctest */,
			);
			name = Products;
			sourceTree = "<group>";
		};
		140FB55B1A691053008C03E1 /* English Vocabulary */ = {
			isa = PBXGroup;
			children = (
				140FB5841A6910EB008C03E1 /* Resources */,
				140FB5601A691053008C03E1 /* AppDelegate.h */,
				140FB5611A691053008C03E1 /* AppDelegate.m */,
				140FB5631A691053008C03E1 /* Images.xcassets */,
				140FB5651A691053008C03E1 /* LaunchScreen.xib */,
				140FB55C1A691053008C03E1 /* Supporting Files */,
				140FB57F1A691096008C03E1 /* Models */,
			);
			path = "English Vocabulary";
			sourceTree = "<group>";
		};
		140FB55C1A691053008C03E1 /* Supporting Files */ = {
			isa = PBXGroup;
			children = (
				140FB55D1A691053008C03E1 /* Info.plist */,
				140FB55E1A691053008C03E1 /* main.m */,
			);
			name = "Supporting Files";
			sourceTree = "<group>";
		};
		140FB56F1A691053008C03E1 /* English VocabularyTests */ = {
			isa = PBXGroup;
			children = (
				140FB5721A691053008C03E1 /* English_VocabularyTests.m */,
				140FB5701A691053008C03E1 /* Supporting Files */,
			);
			path = "English VocabularyTests";
			sourceTree = "<group>";
		};
		140FB5701A691053008C03E1 /* Supporting Files */ = {
			isa = PBXGroup;
			children = (
				140FB5711A691053008C03E1 /* Info.plist */,
			);
			name = "Supporting Files";
			sourceTree = "<group>";
		};
		140FB57F1A691096008C03E1 /* Models */ = {
			isa = PBXGroup;
			children = (
				140FB57C1A691091008C03E1 /* BDBWordsModel.h */,
				140FB57D1A691091008C03E1 /* BDBWordsModel.m */,
				140FB5831A6910C6008C03E1 /* Controllers */,
			);
			name = Models;
			sourceTree = "<group>";
		};
		140FB5831A6910C6008C03E1 /* Controllers */ = {
			isa = PBXGroup;
			children = (
				140FB5891A6921AE008C03E1 /* BDBDefinitionViewController.h */,
				140FB58A1A6921AE008C03E1 /* BDBDefinitionViewController.m */,
				140FB58B1A6921AE008C03E1 /* BDBDefinitionViewController.xib */,
				140FB5801A6910BE008C03E1 /* BDBWordsTableViewController.h */,
				140FB5811A6910BE008C03E1 /* BDBWordsTableViewController.m */,
			);
			name = Controllers;
			sourceTree = "<group>";
		};
		140FB5841A6910EB008C03E1 /* Resources */ = {
			isa = PBXGroup;
			children = (
				140FB5851A691108008C03E1 /* Vocabwords.txt */,
			);
			name = Resources;
			sourceTree = "<group>";
		};
/* End PBXGroup section */

/* Begin PBXNativeTarget section */
		140FB5581A691052008C03E1 /* English Vocabulary */ = {
			isa = PBXNativeTarget;
			buildConfigurationList = 140FB5761A691053008C03E1 /* Build configuration list for PBXNativeTarget "English Vocabulary" */;
			buildPhases = (
				140FB5551A691052008C03E1 /* Sources */,
				140FB5561A691052008C03E1 /* Frameworks */,
				140FB5571A691052008C03E1 /* Resources */,
			);
			buildRules = (
			);
			dependencies = (
			);
			name = "English Vocabulary";
			productName = "English Vocabulary";
			productReference = 140FB5591A691053008C03E1 /* English Vocabulary.app */;
			productType = "com.apple.product-type.application";
		};
		140FB56B1A691053008C03E1 /* English VocabularyTests */ = {
			isa = PBXNativeTarget;
			buildConfigurationList = 140FB5791A691053008C03E1 /* Build configuration list for PBXNativeTarget "English VocabularyTests" */;
			buildPhases = (
				140FB5681A691053008C03E1 /* Sources */,
				140FB5691A691053008C03E1 /* Frameworks */,
				140FB56A1A691053008C03E1 /* Resources */,
			);
			buildRules = (
			);
			dependencies = (
				140FB56E1A691053008C03E1 /* PBXTargetDependency */,
			);
			name = "English VocabularyTests";
			productName = "English VocabularyTests";
			productReference = 140FB56C1A691053008C03E1 /* English VocabularyTests.xctest */;
			productType = "com.apple.product-type.bundle.unit-test";
		};
/* End PBXNativeTarget section */

/* Begin PBXProject section */
		140FB5511A691052008C03E1 /* Project object */ = {
			isa = PBXProject;
			attributes = {
				LastUpgradeCheck = 0610;
				ORGANIZATIONNAME = brunodominguez;
				TargetAttributes = {
					140FB5581A691052008C03E1 = {
						CreatedOnToolsVersion = 6.1.1;
					};
					140FB56B1A691053008C03E1 = {
						CreatedOnToolsVersion = 6.1.1;
						TestTargetID = 140FB5581A691052008C03E1;
					};
				};
			};
			buildConfigurationList = 140FB5541A691052008C03E1 /* Build configuration list for PBXProject "English Vocabulary" */;
			compatibilityVersion = "Xcode 3.2";
			developmentRegion = English;
			hasScannedForEncodings = 0;
			knownRegions = (
				en,
				Base,
			);
			mainGroup = 140FB5501A691052008C03E1;
			productRefGroup = 140FB55A1A691053008C03E1 /* Products */;
			projectDirPath = "";
			projectRoot = "";
			targets = (
				140FB5581A691052008C03E1 /* English Vocabulary */,
				140FB56B1A691053008C03E1 /* English VocabularyTests */,
			);
		};
/* End PBXProject section */

/* Begin PBXResourcesBuildPhase section */
		140FB5571A691052008C03E1 /* Resources */ = {
			isa = PBXResourcesBuildPhase;
			buildActionMask = 2147483647;
			files = (
				140FB5881A691D48008C03E1 /* Entitlements.plist in Resources */,
				140FB5861A691108008C03E1 /* Vocabwords.txt in Resources */,
				140FB58D1A6921AE008C03E1 /* BDBDefinitionViewController.xib in Resources */,
				140FB5671A691053008C03E1 /* LaunchScreen.xib in Resources */,
				140FB5641A691053008C03E1 /* Images.xcassets in Resources */,
			);
			runOnlyForDeploymentPostprocessing = 0;
		};
		140FB56A1A691053008C03E1 /* Resources */ = {
			isa = PBXResourcesBuildPhase;
			buildActionMask = 2147483647;
			files = (
			);
			runOnlyForDeploymentPostprocessing = 0;
		};
/* End PBXResourcesBuildPhase section */

/* Begin PBXSourcesBuildPhase section */
		140FB5551A691052008C03E1 /* Sources */ = {
			isa = PBXSourcesBuildPhase;
			buildActionMask = 2147483647;
			files = (
				140FB5621A691053008C03E1 /* AppDelegate.m in Sources */,
				140FB55F1A691053008C03E1 /* main.m in Sources */,
				140FB5821A6910BE008C03E1 /* BDBWordsTableViewController.m in Sources */,
				140FB57E1A691091008C03E1 /* BDBWordsModel.m in Sources */,
				140FB58C1A6921AE008C03E1 /* BDBDefinitionViewController.m in Sources */,
			);
			runOnlyForDeploymentPostprocessing = 0;
		};
		140FB5681A691053008C03E1 /* Sources */ = {
			isa = PBXSourcesBuildPhase;
			buildActionMask = 2147483647;
			files = (
				140FB5731A691053008C03E1 /* English_VocabularyTests.m in Sources */,
			);
			runOnlyForDeploymentPostprocessing = 0;
		};
/* End PBXSourcesBuildPhase section */

/* Begin PBXTargetDependency section */
		140FB56E1A691053008C03E1 /* PBXTargetDependency */ = {
			isa = PBXTargetDependency;
			target = 140FB5581A691052008C03E1 /* English Vocabulary */;
			targetProxy = 140FB56D1A691053008C03E1 /* PBXContainerItemProxy */;
		};
/* End PBXTargetDependency section */

/* Begin PBXVariantGroup section */
		140FB5651A691053008C03E1 /* LaunchScreen.xib */ = {
			isa = PBXVariantGroup;
			children = (
				140FB5661A691053008C03E1 /* Base */,
			);
			name = LaunchScreen.xib;
			sourceTree = "<group>";
		};
/* End PBXVariantGroup section */

/* Begin XCBuildConfiguration section */
		140FB5741A691053008C03E1 /* Debug */ = {
			isa = XCBuildConfiguration;
			buildSettings = {
				ALWAYS_SEARCH_USER_PATHS = NO;
				CLANG_CXX_LANGUAGE_STANDARD = "gnu++0x";
				CLANG_CXX_LIBRARY = "libc++";
				CLANG_ENABLE_MODULES = YES;
				CLANG_ENABLE_OBJC_ARC = YES;
				CLANG_WARN_BOOL_CONVERSION = YES;
				CLANG_WARN_CONSTANT_CONVERSION = YES;
				CLANG_WARN_DIRECT_OBJC_ISA_USAGE = YES_ERROR;
				CLANG_WARN_EMPTY_BODY = YES;
				CLANG_WARN_ENUM_CONVERSION = YES;
				CLANG_WARN_INT_CONVERSION = YES;
				CLANG_WARN_OBJC_ROOT_CLASS = YES_ERROR;
				CLANG_WARN_UNREACHABLE_CODE = YES;
				CLANG_WARN__DUPLICATE_METHOD_MATCH = YES;
				CODE_SIGN_ENTITLEMENTS = Entitlements.plist;
				"CODE_SIGN_ENTITLEMENTS[sdk=*]" = Entitlements.plist;
				CODE_SIGN_IDENTITY = "-";
				"CODE_SIGN_IDENTITY[sdk=iphoneos*]" = "-";
				COPY_PHASE_STRIP = NO;
				ENABLE_STRICT_OBJC_MSGSEND = YES;
				GCC_C_LANGUAGE_STANDARD = gnu99;
				GCC_DYNAMIC_NO_PIC = NO;
				GCC_OPTIMIZATION_LEVEL = 0;
				GCC_PREPROCESSOR_DEFINITIONS = (
					"DEBUG=1",
					"$(inherited)",
				);
				GCC_SYMBOLS_PRIVATE_EXTERN = NO;
				GCC_WARN_64_TO_32_BIT_CONVERSION = YES;
				GCC_WARN_ABOUT_RETURN_TYPE = YES_ERROR;
				GCC_WARN_UNDECLARED_SELECTOR = YES;
				GCC_WARN_UNINITIALIZED_AUTOS = YES_AGGRESSIVE;
				GCC_WARN_UNUSED_FUNCTION = YES;
				GCC_WARN_UNUSED_VARIABLE = YES;
				IPHONEOS_DEPLOYMENT_TARGET = 8.1;
				MTL_ENABLE_DEBUG_INFO = YES;
				ONLY_ACTIVE_ARCH = YES;
				SDKROOT = iphoneos;
				TARGETED_DEVICE_FAMILY = 2;
			};
			name = Debug;
		};
		140FB5751A691053008C03E1 /* Release */ = {
			isa = XCBuildConfiguration;
			buildSettings = {
				ALWAYS_SEARCH_USER_PATHS = NO;
				CLANG_CXX_LANGUAGE_STANDARD = "gnu++0x";
				CLANG_CXX_LIBRARY = "libc++";
				CLANG_ENABLE_MODULES = YES;
				CLANG_ENABLE_OBJC_ARC = YES;
				CLANG_WARN_BOOL_CONVERSION = YES;
				CLANG_WARN_CONSTANT_CONVERSION = YES;
				CLANG_WARN_DIRECT_OBJC_ISA_USAGE = YES_ERROR;
				CLANG_WARN_EMPTY_BODY = YES;
				CLANG_WARN_ENUM_CONVERSION = YES;
				CLANG_WARN_INT_CONVERSION = YES;
				CLANG_WARN_OBJC_ROOT_CLASS = YES_ERROR;
				CLANG_WARN_UNREACHABLE_CODE = YES;
				CLANG_WARN__DUPLICATE_METHOD_MATCH = YES;
				CODE_SIGN_ENTITLEMENTS = Entitlements.plist;
				CODE_SIGN_IDENTITY = "-";
				"CODE_SIGN_IDENTITY[sdk=iphoneos*]" = "-";
				COPY_PHASE_STRIP = YES;
				ENABLE_NS_ASSERTIONS = NO;
				ENABLE_STRICT_OBJC_MSGSEND = YES;
				GCC_C_LANGUAGE_STANDARD = gnu99;
				GCC_WARN_64_TO_32_BIT_CONVERSION = YES;
				GCC_WARN_ABOUT_RETURN_TYPE = YES_ERROR;
				GCC_WARN_UNDECLARED_SELECTOR = YES;
				GCC_WARN_UNINITIALIZED_AUTOS = YES_AGGRESSIVE;
				GCC_WARN_UNUSED_FUNCTION = YES;
				GCC_WARN_UNUSED_VARIABLE = YES;
				IPHONEOS_DEPLOYMENT_TARGET = 8.1;
				MTL_ENABLE_DEBUG_INFO = NO;
				SDKROOT = iphoneos;
				TARGETED_DEVICE_FAMILY = 2;
				VALIDATE_PRODUCT = YES;
			};
			name = Release;
		};
		140FB5771A691053008C03E1 /* Debug */ = {
			isa = XCBuildConfiguration;
			buildSettings = {
				ASSETCATALOG_COMPILER_APPICON_NAME = AppIcon;
				INFOPLIST_FILE = "English Vocabulary/Info.plist";
				IPHONEOS_DEPLOYMENT_TARGET = 7.1;
				LD_RUNPATH_SEARCH_PATHS = "$(inherited) @executable_path/Frameworks";
				PRODUCT_NAME = "$(TARGET_NAME)";
				TARGETED_DEVICE_FAMILY = "1,2";
			};
			name = Debug;
		};
		140FB5781A691053008C03E1 /* Release */ = {
			isa = XCBuildConfiguration;
			buildSettings = {
				ASSETCATALOG_COMPILER_APPICON_NAME = AppIcon;
				INFOPLIST_FILE = "English Vocabulary/Info.plist";
				IPHONEOS_DEPLOYMENT_TARGET = 7.1;
				LD_RUNPATH_SEARCH_PATHS = "$(inherited) @executable_path/Frameworks";
				PRODUCT_NAME = "$(TARGET_NAME)";
				TARGETED_DEVICE_FAMILY = "1,2";
			};
			name = Release;
		};
		140FB57A1A691053008C03E1 /* Debug */ = {
			isa = XCBuildConfiguration;
			buildSettings = {
				BUNDLE_LOADER = "$(TEST_HOST)";
				FRAMEWORK_SEARCH_PATHS = (
					"$(SDKROOT)/Developer/Library/Frameworks",
					"$(inherited)",
				);
				GCC_PREPROCESSOR_DEFINITIONS = (
					"DEBUG=1",
					"$(inherited)",
				);
				INFOPLIST_FILE = "English VocabularyTests/Info.plist";
				LD_RUNPATH_SEARCH_PATHS = "$(inherited) @executable_path/Frameworks @loader_path/Frameworks";
				PRODUCT_NAME = "$(TARGET_NAME)";
				TEST_HOST = "$(BUILT_PRODUCTS_DIR)/English Vocabulary.app/English Vocabulary";
			};
			name = Debug;
		};
		140FB57B1A691053008C03E1 /* Release */ = {
			isa = XCBuildConfiguration;
			buildSettings = {
				BUNDLE_LOADER = "$(TEST_HOST)";
				FRAMEWORK_SEARCH_PATHS = (
					"$(SDKROOT)/Developer/Library/Frameworks",
					"$(inherited)",
				);
				INFOPLIST_FILE = "English VocabularyTests/Info.plist";
				LD_RUNPATH_SEARCH_PATHS = "$(inherited) @executable_path/Frameworks @loader_path/Frameworks";
				PRODUCT_NAME = "$(TARGET_NAME)";
				TEST_HOST = "$(BUILT_PRODUCTS_DIR)/English Vocabulary.app/English Vocabulary";
			};
			name = Release;
		};
/* End XCBuildConfiguration section */

/* Begin XCConfigurationList section */
		140FB5541A691052008C03E1 /* Build configuration list for PBXProject "English Vocabulary" */ = {
			isa = XCConfigurationList;
			buildConfigurations = (
				140FB5741A691053008C03E1 /* Debug */,
				140FB5751A691053008C03E1 /* Release */,
			);
			defaultConfigurationIsVisible = 0;
			defaultConfigurationName = Release;
		};
		140FB5761A691053008C03E1 /* Build configuration list for PBXNativeTarget "English Vocabulary" */ = {
			isa = XCConfigurationList;
			buildConfigurations = (
				140FB5771A691053008C03E1 /* Debug */,
				140FB5781A691053008C03E1 /* Release */,
			);
			defaultConfigurationIsVisible = 0;
			defaultConfigurationName = Release;
		};
		140FB5791A691053008C03E1 /* Build configuration list for PBXNativeTarget "English VocabularyTests" */ = {
			isa = XCConfigurationList;
			buildConfigurations = (
				140FB57A1A691053008C03E1 /* Debug */,
				140FB57B1A691053008C03E1 /* Release */,
			);
			defaultConfigurationIsVisible = 0;
			defaultConfigurationName = Release;
		};
/* End XCConfigurationList section */
	};
	rootObject = 140FB5511A691052008C03E1 /* Project object */;
}
